
Microsoft Visual Studio Solution File, Format Version 12.00
# Visual Studio Version 17
VisualStudioVersion = 17.10.34902.84
MinimumVisualStudioVersion = 10.0.40219.1
Project("{FAE04EC0-301F-11D3-BF4B-00C04F79EFBC}") = "DotNet7.ExpenseTrackerApi", "DotNet7.ExpenseTrackerApi\DotNet7.ExpenseTrackerApi.csproj", "{0B9E4354-FD3A-4B4F-AC67-8DC4D91106F6}"
EndProject
Global
	GlobalSection(SolutionConfigurationPlatforms) = preSolution
		Debug|Any CPU = Debug|Any CPU
		Release|Any CPU = Release|Any CPU
	EndGlobalSection
	GlobalSection(ProjectConfigurationPlatforms) = postSolution
		{0B9E4354-FD3A-4B4F-AC67-8DC4D91106F6}.Debug|Any CPU.ActiveCfg = Debug|Any CPU
		{0B9E4354-FD3A-4B4F-AC67-8DC4D91106F6}.Debug|Any CPU.Build.0 = Debug|Any CPU
		{0B9E4354-FD3A-4B4F-AC67-8DC4D91106F6}.Release|Any CPU.ActiveCfg = Release|Any CPU
		{0B9E4354-FD3A-4B4F-AC67-8DC4D91106F6}.Release|Any CPU.Build.0 = Release|Any CPU
	EndGlobalSection
	GlobalSection(SolutionProperties) = preSolution
		HideSolutionNode = FALSE
	EndGlobalSection
	GlobalSection(ExtensibilityGlobals) = postSolution
		SolutionGuid = {C6AE5959-0BB5-468F-A8A4-A785605D5CF1}
	EndGlobalSection
EndGlobal
